// !$*UTF8*$!
{
	archiveVersion = 1;
	classes = {
	};
	objectVersion = 50;
	objects = {

/* Begin PBXBuildFile section */
		1D2E963C253B641400F15EB6 /* AppDelegate.swift in Sources */ = {isa = PBXBuildFile; fileRef = 1D2E963B253B641400F15EB6 /* AppDelegate.swift */; };
		1D2E963E253B641400F15EB6 /* SceneDelegate.swift in Sources */ = {isa = PBXBuildFile; fileRef = 1D2E963D253B641400F15EB6 /* SceneDelegate.swift */; };
		1D2E9640253B641400F15EB6 /* ViewController.swift in Sources */ = {isa = PBXBuildFile; fileRef = 1D2E963F253B641400F15EB6 /* ViewController.swift */; };
		1D2E9643253B641400F15EB6 /* Main.storyboard in Resources */ = {isa = PBXBuildFile; fileRef = 1D2E9641253B641400F15EB6 /* Main.storyboard */; };
		1D2E9645253B641600F15EB6 /* Assets.xcassets in Resources */ = {isa = PBXBuildFile; fileRef = 1D2E9644253B641600F15EB6 /* Assets.xcassets */; };
		1D2E9648253B641600F15EB6 /* LaunchScreen.storyboard in Resources */ = {isa = PBXBuildFile; fileRef = 1D2E9646253B641600F15EB6 /* LaunchScreen.storyboard */; };
		F4F242ABEBA052B0BD7A0BD3 /* Pods_TestConnectionLayer.framework in Frameworks */ = {isa = PBXBuildFile; fileRef = BFBE8E6FF11C662C694E9D8C /* Pods_TestConnectionLayer.framework */; };
/* End PBXBuildFile section */

/* Begin PBXFileReference section */
		1D2E9638253B641400F15EB6 /* TestConnectionLayer.app */ = {isa = PBXFileReference; explicitFileType = wrapper.application; includeInIndex = 0; path = TestConnectionLayer.app; sourceTree = BUILT_PRODUCTS_DIR; };
		1D2E963B253B641400F15EB6 /* AppDelegate.swift */ = {isa = PBXFileReference; lastKnownFileType = sourcecode.swift; path = AppDelegate.swift; sourceTree = "<group>"; };
		1D2E963D253B641400F15EB6 /* SceneDelegate.swift */ = {isa = PBXFileReference; lastKnownFileType = sourcecode.swift; path = SceneDelegate.swift; sourceTree = "<group>"; };
		1D2E963F253B641400F15EB6 /* ViewController.swift */ = {isa = PBXFileReference; lastKnownFileType = sourcecode.swift; path = ViewController.swift; sourceTree = "<group>"; };
		1D2E9642253B641400F15EB6 /* Base */ = {isa = PBXFileReference; lastKnownFileType = file.storyboard; name = Base; path = Base.lproj/Main.storyboard; sourceTree = "<group>"; };
		1D2E9644253B641600F15EB6 /* Assets.xcassets */ = {isa = PBXFileReference; lastKnownFileType = folder.assetcatalog; path = Assets.xcassets; sourceTree = "<group>"; };
		1D2E9647253B641600F15EB6 /* Base */ = {isa = PBXFileReference; lastKnownFileType = file.storyboard; name = Base; path = Base.lproj/LaunchScreen.storyboard; sourceTree = "<group>"; };
		1D2E9649253B641600F15EB6 /* Info.plist */ = {isa = PBXFileReference; lastKnownFileType = text.plist.xml; path = Info.plist; sourceTree = "<group>"; };
		68E9954395FEEC0A6C3D17FD /* Pods-TestConnectionLayer.debug.xcconfig */ = {isa = PBXFileReference; includeInIndex = 1; lastKnownFileType = text.xcconfig; name = "Pods-TestConnectionLayer.debug.xcconfig"; path = "Target Support Files/Pods-TestConnectionLayer/Pods-TestConnectionLayer.debug.xcconfig"; sourceTree = "<group>"; };
		A3564A69E7EB9F68AE980644 /* Pods-TestConnectionLayer.release.xcconfig */ = {isa = PBXFileReference; includeInIndex = 1; lastKnownFileType = text.xcconfig; name = "Pods-TestConnectionLayer.release.xcconfig"; path = "Target Support Files/Pods-TestConnectionLayer/Pods-TestConnectionLayer.release.xcconfig"; sourceTree = "<group>"; };
		BFBE8E6FF11C662C694E9D8C /* Pods_TestConnectionLayer.framework */ = {isa = PBXFileReference; explicitFileType = wrapper.framework; includeInIndex = 0; path = Pods_TestConnectionLayer.framework; sourceTree = BUILT_PRODUCTS_DIR; };
/* End PBXFileReference section */

/* Begin PBXFrameworksBuildPhase section */
		1D2E9635253B641400F15EB6 /* Frameworks */ = {
			isa = PBXFrameworksBuildPhase;
			buildActionMask = 2147483647;
			files = (
				F4F242ABEBA052B0BD7A0BD3 /* Pods_TestConnectionLayer.framework in Frameworks */,
			);
			runOnlyForDeploymentPostprocessing = 0;
		};
/* End PBXFrameworksBuildPhase section */

/* Begin PBXGroup section */
		1D2E962F253B641400F15EB6 = {
			isa = PBXGroup;
			children = (
				1D2E963A253B641400F15EB6 /* TestConnectionLayer */,
				1D2E9639253B641400F15EB6 /* Products */,
				BA74F6FADE3D971E0CBD8365 /* Pods */,
				5BA3758D2A1F861010B63D2C /* Frameworks */,
			);
			sourceTree = "<group>";
		};
		1D2E9639253B641400F15EB6 /* Products */ = {
			isa = PBXGroup;
			children = (
				1D2E9638253B641400F15EB6 /* TestConnectionLayer.app */,
			);
			name = Products;
			sourceTree = "<group>";
		};
		1D2E963A253B641400F15EB6 /* TestConnectionLayer */ = {
			isa = PBXGroup;
			children = (
				1D2E963B253B641400F15EB6 /* AppDelegate.swift */,
				1D2E963D253B641400F15EB6 /* SceneDelegate.swift */,
				1D2E963F253B641400F15EB6 /* ViewController.swift */,
				1D2E9641253B641400F15EB6 /* Main.storyboard */,
				1D2E9644253B641600F15EB6 /* Assets.xcassets */,
				1D2E9646253B641600F15EB6 /* LaunchScreen.storyboard */,
				1D2E9649253B641600F15EB6 /* Info.plist */,
			);
			path = TestConnectionLayer;
			sourceTree = "<group>";
		};
		5BA3758D2A1F861010B63D2C /* Frameworks */ = {
			isa = PBXGroup;
			children = (
				BFBE8E6FF11C662C694E9D8C /* Pods_TestConnectionLayer.framework */,
			);
			name = Frameworks;
			sourceTree = "<group>";
		};
		BA74F6FADE3D971E0CBD8365 /* Pods */ = {
			isa = PBXGroup;
			children = (
				68E9954395FEEC0A6C3D17FD /* Pods-TestConnectionLayer.debug.xcconfig */,
				A3564A69E7EB9F68AE980644 /* Pods-TestConnectionLayer.release.xcconfig */,
			);
			name = Pods;
			path = Pods;
			sourceTree = "<group>";
		};
/* End PBXGroup section */

/* Begin PBXNativeTarget section */
		1D2E9637253B641400F15EB6 /* TestConnectionLayer */ = {
			isa = PBXNativeTarget;
			buildConfigurationList = 1D2E964C253B641600F15EB6 /* Build configuration list for PBXNativeTarget "TestConnectionLayer" */;
			buildPhases = (
				BA3938639471E0086F082B0D /* [CP] Check Pods Manifest.lock */,
				1D2E9634253B641400F15EB6 /* Sources */,
				1D2E9635253B641400F15EB6 /* Frameworks */,
				1D2E9636253B641400F15EB6 /* Resources */,
				DD0E20BE2F9AC49EFFDB1B12 /* [CP] Embed Pods Frameworks */,
			);
			buildRules = (
			);
			dependencies = (
			);
			name = TestConnectionLayer;
			productName = TestConnectionLayer;
			productReference = 1D2E9638253B641400F15EB6 /* TestConnectionLayer.app */;
			productType = "com.apple.product-type.application";
		};
/* End PBXNativeTarget section */

/* Begin PBXProject section */
		1D2E9630253B641400F15EB6 /* Project object */ = {
			isa = PBXProject;
			attributes = {
				LastSwiftUpdateCheck = 1200;
				LastUpgradeCheck = 1200;
				TargetAttributes = {
					1D2E9637253B641400F15EB6 = {
						CreatedOnToolsVersion = 12.0.1;
					};
				};
			};
			buildConfigurationList = 1D2E9633253B641400F15EB6 /* Build configuration list for PBXProject "TestConnectionLayer" */;
			compatibilityVersion = "Xcode 9.3";
			developmentRegion = en;
			hasScannedForEncodings = 0;
			knownRegions = (
				en,
				Base,
			);
			mainGroup = 1D2E962F253B641400F15EB6;
			productRefGroup = 1D2E9639253B641400F15EB6 /* Products */;
			projectDirPath = "";
			projectRoot = "";
			targets = (
				1D2E9637253B641400F15EB6 /* TestConnectionLayer */,
			);
		};
/* End PBXProject section */

/* Begin PBXResourcesBuildPhase section */
		1D2E9636253B641400F15EB6 /* Resources */ = {
			isa = PBXResourcesBuildPhase;
			buildActionMask = 2147483647;
			files = (
				1D2E9648253B641600F15EB6 /* LaunchScreen.storyboard in Resources */,
				1D2E9645253B641600F15EB6 /* Assets.xcassets in Resources */,
				1D2E9643253B641400F15EB6 /* Main.storyboard in Resources */,
			);
			runOnlyForDeploymentPostprocessing = 0;
		};
/* End PBXResourcesBuildPhase section */

/* Begin PBXShellScriptBuildPhase section */
		BA3938639471E0086F082B0D /* [CP] Check Pods Manifest.lock */ = {
			isa = PBXShellScriptBuildPhase;
			buildActionMask = 2147483647;
			files = (
			);
			inputFileListPaths = (
			);
			inputPaths = (
				"${PODS_PODFILE_DIR_PATH}/Podfile.lock",
				"${PODS_ROOT}/Manifest.lock",
			);
			name = "[CP] Check Pods Manifest.lock";
			outputFileListPaths = (
			);
			outputPaths = (
				"$(DERIVED_FILE_DIR)/Pods-TestConnectionLayer-checkManifestLockResult.txt",
			);
			runOnlyForDeploymentPostprocessing = 0;
			shellPath = /bin/sh;
			shellScript = "diff \"${PODS_PODFILE_DIR_PATH}/Podfile.lock\" \"${PODS_ROOT}/Manifest.lock\" > /dev/null\nif [ $? != 0 ] ; then\n    # print error to STDERR\n    echo \"error: The sandbox is not in sync with the Podfile.lock. Run 'pod install' or update your CocoaPods installation.\" >&2\n    exit 1\nfi\n# This output is used by Xcode 'outputs' to avoid re-running this script phase.\necho \"SUCCESS\" > \"${SCRIPT_OUTPUT_FILE_0}\"\n";
			showEnvVarsInLog = 0;
		};
		DD0E20BE2F9AC49EFFDB1B12 /* [CP] Embed Pods Frameworks */ = {
			isa = PBXShellScriptBuildPhase;
			buildActionMask = 2147483647;
			files = (
			);
			inputFileListPaths = (
				"${PODS_ROOT}/Target Support Files/Pods-TestConnectionLayer/Pods-TestConnectionLayer-frameworks-${CONFIGURATION}-input-files.xcfilelist",
			);
			name = "[CP] Embed Pods Frameworks";
			outputFileListPaths = (
				"${PODS_ROOT}/Target Support Files/Pods-TestConnectionLayer/Pods-TestConnectionLayer-frameworks-${CONFIGURATION}-output-files.xcfilelist",
			);
			runOnlyForDeploymentPostprocessing = 0;
			shellPath = /bin/sh;
			shellScript = "\"${PODS_ROOT}/Target Support Files/Pods-TestConnectionLayer/Pods-TestConnectionLayer-frameworks.sh\"\n";
			showEnvVarsInLog = 0;
		};
/* End PBXShellScriptBuildPhase section */

/* Begin PBXSourcesBuildPhase section */
		1D2E9634253B641400F15EB6 /* Sources */ = {
			isa = PBXSourcesBuildPhase;
			buildActionMask = 2147483647;
			files = (
				1D2E9640253B641400F15EB6 /* ViewController.swift in Sources */,
				1D2E963C253B641400F15EB6 /* AppDelegate.swift in Sources */,
				1D2E963E253B641400F15EB6 /* SceneDelegate.swift in Sources */,
			);
			runOnlyForDeploymentPostprocessing = 0;
		};
/* End PBXSourcesBuildPhase section */

/* Begin PBXVariantGroup section */
		1D2E9641253B641400F15EB6 /* Main.storyboard */ = {
			isa = PBXVariantGroup;
			children = (
				1D2E9642253B641400F15EB6 /* Base */,
			);
			name = Main.storyboard;
			sourceTree = "<group>";
		};
		1D2E9646253B641600F15EB6 /* LaunchScreen.storyboard */ = {
			isa = PBXVariantGroup;
			children = (
				1D2E9647253B641600F15EB6 /* Base */,
			);
			name = LaunchScreen.storyboard;
			sourceTree = "<group>";
		};
/* End PBXVariantGroup section */

/* Begin XCBuildConfiguration section */
		1D2E964A253B641600F15EB6 /* Debug */ = {
			isa = XCBuildConfiguration;
			buildSettings = {
				ALWAYS_SEARCH_USER_PATHS = NO;
				CLANG_ANALYZER_NONNULL = YES;
				CLANG_ANALYZER_NUMBER_OBJECT_CONVERSION = YES_AGGRESSIVE;
				CLANG_CXX_LANGUAGE_STANDARD = "gnu++14";
				CLANG_CXX_LIBRARY = "libc++";
				CLANG_ENABLE_MODULES = YES;
				CLANG_ENABLE_OBJC_ARC = YES;
				CLANG_ENABLE_OBJC_WEAK = YES;
				CLANG_WARN_BLOCK_CAPTURE_AUTORELEASING = YES;
				CLANG_WARN_BOOL_CONVERSION = YES;
				CLANG_WARN_COMMA = YES;
				CLANG_WARN_CONSTANT_CONVERSION = YES;
				CLANG_WARN_DEPRECATED_OBJC_IMPLEMENTATIONS = YES;
				CLANG_WARN_DIRECT_OBJC_ISA_USAGE = YES_ERROR;
				CLANG_WARN_DOCUMENTATION_COMMENTS = YES;
				CLANG_WARN_EMPTY_BODY = YES;
				CLANG_WARN_ENUM_CONVERSION = YES;
				CLANG_WARN_INFINITE_RECURSION = YES;
				CLANG_WARN_INT_CONVERSION = YES;
				CLANG_WARN_NON_LITERAL_NULL_CONVERSION = YES;
				CLANG_WARN_OBJC_IMPLICIT_RETAIN_SELF = YES;
				CLANG_WARN_OBJC_LITERAL_CONVERSION = YES;
				CLANG_WARN_OBJC_ROOT_CLASS = YES_ERROR;
				CLANG_WARN_QUOTED_INCLUDE_IN_FRAMEWORK_HEADER = YES;
				CLANG_WARN_RANGE_LOOP_ANALYSIS = YES;
				CLANG_WARN_STRICT_PROTOTYPES = YES;
				CLANG_WARN_SUSPICIOUS_MOVE = YES;
				CLANG_WARN_UNGUARDED_AVAILABILITY = YES_AGGRESSIVE;
				CLANG_WARN_UNREACHABLE_CODE = YES;
				CLANG_WARN__DUPLICATE_METHOD_MATCH = YES;
				COPY_PHASE_STRIP = NO;
				DEBUG_INFORMATION_FORMAT = dwarf;
				ENABLE_STRICT_OBJC_MSGSEND = YES;
				ENABLE_TESTABILITY = YES;
				GCC_C_LANGUAGE_STANDARD = gnu11;
				GCC_DYNAMIC_NO_PIC = NO;
				GCC_NO_COMMON_BLOCKS = YES;
				GCC_OPTIMIZATION_LEVEL = 0;
				GCC_PREPROCESSOR_DEFINITIONS = (
					"DEBUG=1",
					"$(inherited)",
				);
				GCC_WARN_64_TO_32_BIT_CONVERSION = YES;
				GCC_WARN_ABOUT_RETURN_TYPE = YES_ERROR;
				GCC_WARN_UNDECLARED_SELECTOR = YES;
				GCC_WARN_UNINITIALIZED_AUTOS = YES_AGGRESSIVE;
				GCC_WARN_UNUSED_FUNCTION = YES;
				GCC_WARN_UNUSED_VARIABLE = YES;
				IPHONEOS_DEPLOYMENT_TARGET = 14.0;
				MTL_ENABLE_DEBUG_INFO = INCLUDE_SOURCE;
				MTL_FAST_MATH = YES;
				ONLY_ACTIVE_ARCH = YES;
				SDKROOT = iphoneos;
				SWIFT_ACTIVE_COMPILATION_CONDITIONS = DEBUG;
				SWIFT_OPTIMIZATION_LEVEL = "-Onone";
			};
			name = Debug;
		};
		1D2E964B253B641600F15EB6 /* Release */ = {
			isa = XCBuildConfiguration;
			buildSettings = {
				ALWAYS_SEARCH_USER_PATHS = NO;
				CLANG_ANALYZER_NONNULL = YES;
				CLANG_ANALYZER_NUMBER_OBJECT_CONVERSION = YES_AGGRESSIVE;
				CLANG_CXX_LANGUAGE_STANDARD = "gnu++14";
				CLANG_CXX_LIBRARY = "libc++";
				CLANG_ENABLE_MODULES = YES;
				CLANG_ENABLE_OBJC_ARC = YES;
				CLANG_ENABLE_OBJC_WEAK = YES;
				CLANG_WARN_BLOCK_CAPTURE_AUTORELEASING = YES;
				CLANG_WARN_BOOL_CONVERSION = YES;
				CLANG_WARN_COMMA = YES;
				CLANG_WARN_CONSTANT_CONVERSION = YES;
				CLANG_WARN_DEPRECATED_OBJC_IMPLEMENTATIONS = YES;
				CLANG_WARN_DIRECT_OBJC_ISA_USAGE = YES_ERROR;
				CLANG_WARN_DOCUMENTATION_COMMENTS = YES;
				CLANG_WARN_EMPTY_BODY = YES;
				CLANG_WARN_ENUM_CONVERSION = YES;
				CLANG_WARN_INFINITE_RECURSION = YES;
				CLANG_WARN_INT_CONVERSION = YES;
				CLANG_WARN_NON_LITERAL_NULL_CONVERSION = YES;
				CLANG_WARN_OBJC_IMPLICIT_RETAIN_SELF = YES;
				CLANG_WARN_OBJC_LITERAL_CONVERSION = YES;
				CLANG_WARN_OBJC_ROOT_CLASS = YES_ERROR;
				CLANG_WARN_QUOTED_INCLUDE_IN_FRAMEWORK_HEADER = YES;
				CLANG_WARN_RANGE_LOOP_ANALYSIS = YES;
				CLANG_WARN_STRICT_PROTOTYPES = YES;
				CLANG_WARN_SUSPICIOUS_MOVE = YES;
				CLANG_WARN_UNGUARDED_AVAILABILITY = YES_AGGRESSIVE;
				CLANG_WARN_UNREACHABLE_CODE = YES;
				CLANG_WARN__DUPLICATE_METHOD_MATCH = YES;
				COPY_PHASE_STRIP = NO;
				DEBUG_INFORMATION_FORMAT = "dwarf-with-dsym";
				ENABLE_NS_ASSERTIONS = NO;
				ENABLE_STRICT_OBJC_MSGSEND = YES;
				GCC_C_LANGUAGE_STANDARD = gnu11;
				GCC_NO_COMMON_BLOCKS = YES;
				GCC_WARN_64_TO_32_BIT_CONVERSION = YES;
				GCC_WARN_ABOUT_RETURN_TYPE = YES_ERROR;
				GCC_WARN_UNDECLARED_SELECTOR = YES;
				GCC_WARN_UNINITIALIZED_AUTOS = YES_AGGRESSIVE;
				GCC_WARN_UNUSED_FUNCTION = YES;
				GCC_WARN_UNUSED_VARIABLE = YES;
				IPHONEOS_DEPLOYMENT_TARGET = 14.0;
				MTL_ENABLE_DEBUG_INFO = NO;
				MTL_FAST_MATH = YES;
				SDKROOT = iphoneos;
				SWIFT_COMPILATION_MODE = wholemodule;
				SWIFT_OPTIMIZATION_LEVEL = "-O";
				VALIDATE_PRODUCT = YES;
			};
			name = Release;
		};
		1D2E964D253B641600F15EB6 /* Debug */ = {
			isa = XCBuildConfiguration;
			baseConfigurationReference = 68E9954395FEEC0A6C3D17FD /* Pods-TestConnectionLayer.debug.xcconfig */;
			buildSettings = {
				ASSETCATALOG_COMPILER_APPICON_NAME = AppIcon;
				ASSETCATALOG_COMPILER_GLOBAL_ACCENT_COLOR_NAME = AccentColor;
				CODE_SIGN_STYLE = Automatic;
				DEVELOPMENT_TEAM = MC2W678MVZ;
				INFOPLIST_FILE = TestConnectionLayer/Info.plist;
				LD_RUNPATH_SEARCH_PATHS = (
					"$(inherited)",
					"@executable_path/Frameworks",
				);
				PRODUCT_BUNDLE_IDENTIFIER = com.nut.TestConnectionLayer;
				PRODUCT_NAME = "$(TARGET_NAME)";
				SWIFT_VERSION = 5.0;
				TARGETED_DEVICE_FAMILY = "1,2";
			};
			name = Debug;
		};
		1D2E964E253B641600F15EB6 /* Release */ = {
			isa = XCBuildConfiguration;
			baseConfigurationReference = A3564A69E7EB9F68AE980644 /* Pods-TestConnectionLayer.release.xcconfig */;
			buildSettings = {
				ASSETCATALOG_COMPILER_APPICON_NAME = AppIcon;
				ASSETCATALOG_COMPILER_GLOBAL_ACCENT_COLOR_NAME = AccentColor;
				CODE_SIGN_STYLE = Automatic;
				DEVELOPMENT_TEAM = MC2W678MVZ;
				INFOPLIST_FILE = TestConnectionLayer/Info.plist;
				LD_RUNPATH_SEARCH_PATHS = (
					"$(inherited)",
					"@executable_path/Frameworks",
				);
				PRODUCT_BUNDLE_IDENTIFIER = com.nut.TestConnectionLayer;
				PRODUCT_NAME = "$(TARGET_NAME)";
				SWIFT_VERSION = 5.0;
				TARGETED_DEVICE_FAMILY = "1,2";
			};
			name = Release;
		};
/* End XCBuildConfiguration section */

/* Begin XCConfigurationList section */
		1D2E9633253B641400F15EB6 /* Build configuration list for PBXProject "TestConnectionLayer" */ = {
			isa = XCConfigurationList;
			buildConfigurations = (
				1D2E964A253B641600F15EB6 /* Debug */,
				1D2E964B253B641600F15EB6 /* Release */,
			);
			defaultConfigurationIsVisible = 0;
			defaultConfigurationName = Release;
		};
		1D2E964C253B641600F15EB6 /* Build configuration list for PBXNativeTarget "TestConnectionLayer" */ = {
			isa = XCConfigurationList;
			buildConfigurations = (
				1D2E964D253B641600F15EB6 /* Debug */,
				1D2E964E253B641600F15EB6 /* Release */,
			);
			defaultConfigurationIsVisible = 0;
			defaultConfigurationName = Release;
		};
/* End XCConfigurationList section */
	};
	rootObject = 1D2E9630253B641400F15EB6 /* Project object */;
}
